
Microsoft Visual Studio Solution File, Format Version 12.00
# Visual Studio Version 16
VisualStudioVersion = 16.0.30002.166
MinimumVisualStudioVersion = 10.0.40219.1
Project("{FAE04EC0-301F-11D3-BF4B-00C04F79EFBC}") = "CitiesAPI.ASP.NET.CORE", "CitiesAPI-ASP-NET-CORE\CitiesAPI.ASP.NET.CORE.csproj", "{F6D8CBD6-67FC-40F4-94F9-9FD3383ED28B}"
EndProject
Global
	GlobalSection(SolutionConfigurationPlatforms) = preSolution
		Debug|Any CPU = Debug|Any CPU
		Release|Any CPU = Release|Any CPU
	EndGlobalSection
	GlobalSection(ProjectConfigurationPlatforms) = postSolution
		{F6D8CBD6-67FC-40F4-94F9-9FD3383ED28B}.Debug|Any CPU.ActiveCfg = Debug|Any CPU
		{F6D8CBD6-67FC-40F4-94F9-9FD3383ED28B}.Debug|Any CPU.Build.0 = Debug|Any CPU
		{F6D8CBD6-67FC-40F4-94F9-9FD3383ED28B}.Release|Any CPU.ActiveCfg = Release|Any CPU
		{F6D8CBD6-67FC-40F4-94F9-9FD3383ED28B}.Release|Any CPU.Build.0 = Release|Any CPU
	EndGlobalSection
	GlobalSection(SolutionProperties) = preSolution
		HideSolutionNode = FALSE
	EndGlobalSection
	GlobalSection(ExtensibilityGlobals) = postSolution
		SolutionGuid = {357E5058-DE16-4AFF-A48A-114018138929}
	EndGlobalSection
EndGlobal
